
Microsoft Visual Studio Solution File, Format Version 12.00
# Visual Studio 15
VisualStudioVersion = 15.0.28010.2026
MinimumVisualStudioVersion = 10.0.40219.1
Project("{D2ABAB84-BF74-430A-B69E-9DC6D40DDA17}") = "Project1", "Project1\Project1.dwproj", "{AF69FD7A-70EB-4652-9432-CDE6BBF69AD9}"
EndProject
Global
	GlobalSection(SolutionConfigurationPlatforms) = preSolution
		Development|Default = Development|Default
	EndGlobalSection
	GlobalSection(ProjectConfigurationPlatforms) = postSolution
		{AF69FD7A-70EB-4652-9432-CDE6BBF69AD9}.Development|Default.ActiveCfg = Development
		{AF69FD7A-70EB-4652-9432-CDE6BBF69AD9}.Development|Default.Build.0 = Development
		{AF69FD7A-70EB-4652-9432-CDE6BBF69AD9}.Development|Default.Deploy.0 = Development
	EndGlobalSection
	GlobalSection(SolutionProperties) = preSolution
		HideSolutionNode = FALSE
	EndGlobalSection
	GlobalSection(ExtensibilityGlobals) = postSolution
		SolutionGuid = {FDC8E5C3-5D0D-493F-9420-D1218694E735}
	EndGlobalSection
EndGlobal
